
Microsoft Visual Studio Solution File, Format Version 12.00
# Visual Studio Version 16
VisualStudioVersion = 16.0.810.0
MinimumVisualStudioVersion = 10.0.40219.1
Project("{FAE04EC0-301F-11D3-BF4B-00C04F79EFBC}") = "HelloWorld", "HelloWorld.csproj", "{F2011522-F656-4968-9E47-78F599253721}"
EndProject
Global
	GlobalSection(SolutionConfigurationPlatforms) = preSolution
		Debug|Any CPU = Debug|Any CPU
		Release|Any CPU = Release|Any CPU
	EndGlobalSection
	GlobalSection(ProjectConfigurationPlatforms) = postSolution
		{F2011522-F656-4968-9E47-78F599253721}.Debug|Any CPU.ActiveCfg = Debug|Any CPU
		{F2011522-F656-4968-9E47-78F599253721}.Debug|Any CPU.Build.0 = Debug|Any CPU
		{F2011522-F656-4968-9E47-78F599253721}.Release|Any CPU.ActiveCfg = Release|Any CPU
		{F2011522-F656-4968-9E47-78F599253721}.Release|Any CPU.Build.0 = Release|Any CPU
	EndGlobalSection
	GlobalSection(SolutionProperties) = preSolution
		HideSolutionNode = FALSE
	EndGlobalSection
	GlobalSection(ExtensibilityGlobals) = postSolution
		SolutionGuid = {76008624-34ED-4AAF-9E1D-14447F8CEFBE}
	EndGlobalSection
EndGlobal
